
Microsoft Visual Studio Solution File, Format Version 12.00
# Visual Studio Version 17
VisualStudioVersion = 17.10.35122.118
MinimumVisualStudioVersion = 10.0.40219.1
Project("{9A19103F-16F7-4668-BE54-9A1E7A4F7556}") = "WindowsKey", "WindowsKey.csproj", "{AE6C4850-CC88-43C4-AD35-E40A40E82D24}"
EndProject
Global
	GlobalSection(SolutionConfigurationPlatforms) = preSolution
		Debug|Any CPU = Debug|Any CPU
		Debug|ARM32 = Debug|ARM32
		Debug|ARM64 = Debug|ARM64
		Debug|x64 = Debug|x64
		Release|Any CPU = Release|Any CPU
		Release|ARM32 = Release|ARM32
		Release|ARM64 = Release|ARM64
		Release|x64 = Release|x64
	EndGlobalSection
	GlobalSection(ProjectConfigurationPlatforms) = postSolution
		{AE6C4850-CC88-43C4-AD35-E40A40E82D24}.Debug|Any CPU.ActiveCfg = Debug|Any CPU
		{AE6C4850-CC88-43C4-AD35-E40A40E82D24}.Debug|Any CPU.Build.0 = Debug|Any CPU
		{AE6C4850-CC88-43C4-AD35-E40A40E82D24}.Debug|ARM32.ActiveCfg = Debug|Any CPU
		{AE6C4850-CC88-43C4-AD35-E40A40E82D24}.Debug|ARM64.ActiveCfg = Debug|Any CPU
		{AE6C4850-CC88-43C4-AD35-E40A40E82D24}.Debug|x64.ActiveCfg = Debug|x64
		{AE6C4850-CC88-43C4-AD35-E40A40E82D24}.Debug|x64.Build.0 = Debug|x64
		{AE6C4850-CC88-43C4-AD35-E40A40E82D24}.Release|Any CPU.ActiveCfg = Release|Any CPU
		{AE6C4850-CC88-43C4-AD35-E40A40E82D24}.Release|Any CPU.Build.0 = Release|Any CPU
		{AE6C4850-CC88-43C4-AD35-E40A40E82D24}.Release|ARM32.ActiveCfg = Release|ARM32
		{AE6C4850-CC88-43C4-AD35-E40A40E82D24}.Release|ARM32.Build.0 = Release|ARM32
		{AE6C4850-CC88-43C4-AD35-E40A40E82D24}.Release|ARM64.ActiveCfg = Release|Any CPU
		{AE6C4850-CC88-43C4-AD35-E40A40E82D24}.Release|x64.ActiveCfg = Release|Any CPU
		{AE6C4850-CC88-43C4-AD35-E40A40E82D24}.Release|x64.Build.0 = Release|Any CPU
	EndGlobalSection
	GlobalSection(SolutionProperties) = preSolution
		HideSolutionNode = FALSE
	EndGlobalSection
	GlobalSection(ExtensibilityGlobals) = postSolution
		SolutionGuid = {0D5CD4A3-21DF-4153-A3EB-6A4BF90BD09A}
	EndGlobalSection
EndGlobal
